{
  "name": "lodash-loader",
  "version": "1.2.0",
  "dependencies": {
    "loader-utils": {
      "version": "1.1.0",
      "from": "loader-utils@>=1.1.0 <1.2.0",
      "resolved": "https://registry.npmjs.org/loader-utils/-/loader-utils-1.1.0.tgz",
      "dependencies": {
        "big.js": {
          "version": "3.2.0",
          "from": "big.js@>=3.1.3 <4.0.0",
          "resolved": "https://registry.npmjs.org/big.js/-/big.js-3.2.0.tgz"
        },
        "emojis-list": {
          "version": "2.1.0",
          "from": "emojis-list@>=2.0.0 <3.0.0",
          "resolved": "https://registry.npmjs.org/emojis-list/-/emojis-list-2.1.0.tgz"
        },
        "json5": {
          "version": "0.5.1",
          "from": "json5@>=0.5.0 <0.6.0",
          "resolved": "https://registry.npmjs.org/json5/-/json5-0.5.1.tgz"
        }
      }
    },
    "lodash": {
      "version": "4.17.4",
      "from": "lodash@>=4.17.4 <4.18.0",
      "resolved": "https://registry.npmjs.org/lodash/-/lodash-4.17.4.tgz"
    }
  }
}
