{
  "name": "lodash-loader",
  "version": "1.2.0",
  "dependencies": {
    "loader-utils": {
      "version": "1.1.0",
      "from": "https://registry.npmjs.org/loader-utils/-/loader-utils-1.1.0.tgz",
      "resolved": "https://registry.npmjs.org/loader-utils/-/loader-utils-1.1.0.tgz",
      "dependencies": {
        "big.js": {
          "version": "3.2.0",
          "from": "https://registry.npmjs.org/big.js/-/big.js-3.2.0.tgz",
          "resolved": "https://registry.npmjs.org/big.js/-/big.js-3.2.0.tgz"
        },
        "emojis-list": {
          "version": "2.1.0",
          "from": "https://registry.npmjs.org/emojis-list/-/emojis-list-2.1.0.tgz",
          "resolved": "https://registry.npmjs.org/emojis-list/-/emojis-list-2.1.0.tgz"
        },
        "json5": {
          "version": "0.5.1",
          "from": "https://registry.npmjs.org/json5/-/json5-0.5.1.tgz",
          "resolved": "https://registry.npmjs.org/json5/-/json5-0.5.1.tgz"
        }
      }
    },
    "lodash": {
      "version": "4.17.4",
      "from": "https://registry.npmjs.org/lodash/-/lodash-4.17.4.tgz",
      "resolved": "https://registry.npmjs.org/lodash/-/lodash-4.17.4.tgz"
    }
  }
}
